<Solution>
  <Project Path="Actividad20Arreglos/Actividad20Arreglos.csproj" />
  <Project Path="Ejercicio 3/Ejercicio 3.csproj" />
  <Project Path="Ejercicio_2/Ejercicio_2.csproj" />
  <Project Path="Ejercicio_4/Ejercicio_4.csproj" />
  <Project Path="Ejercicio_5/Ejercicio_5.csproj" />
  <Project Path="Ejercicio_6/Ejercicio_6.csproj" />
  <Project Path="Ejercicio_7/Ejercicio_7.csproj" />
</Solution>
