<Solution>
  <Project Path="Actividad20Arreglos/Actividad20Arreglos.csproj" />
  <Project Path="Ejercicio 3/Ejercicio 3.csproj" />
  <Project Path="Ejercicio_10/Ejercicio_10.csproj" />
  <Project Path="Ejercicio_11/Ejercicio_11.csproj" />
  <Project Path="Ejercicio_12/Ejercicio_12.csproj" />
  <Project Path="Ejercicio_13/Ejercicio_13.csproj" />
  <Project Path="Ejercicio_2/Ejercicio_2.csproj" />
  <Project Path="Ejercicio_4/Ejercicio_4.csproj" />
  <Project Path="Ejercicio_5/Ejercicio_5.csproj" />
  <Project Path="Ejercicio_6/Ejercicio_6.csproj" />
  <Project Path="Ejercicio_7/Ejercicio_7.csproj" />
  <Project Path="Ejercicio_8/Ejercicio_8.csproj" />
  <Project Path="Ejercicio_9/Ejercicio_9.csproj" />
</Solution>
